
Microsoft Visual Studio Solution File, Format Version 12.00
# Visual Studio Version 16
VisualStudioVersion = 16.0.30225.117
MinimumVisualStudioVersion = 15.0.26124.0
Project("{2150E333-8FDC-42A3-9474-1A3956D46DE8}") = "src", "src", "{6FDE2D5E-D0AE-4482-B589-5CB02684F551}"
EndProject
Project("{6EC3EE1D-3C4E-46DD-8F32-0CC8E7565705}") = "efpicturegallery", "src\PictureGallery\efpicturegallery.fsproj", "{EA9BC549-750D-46B4-86DB-7C3494389E36}"
EndProject
Project("{FAE04EC0-301F-11D3-BF4B-00C04F79EFBC}") = "efpicturegallery.migrations", "efpicturegallery.migrations\efpicturegallery.migrations.csproj", "{66AEF930-12C8-4353-8376-16E6CD4D3B42}"
EndProject
Project("{FAE04EC0-301F-11D3-BF4B-00C04F79EFBC}") = "efpicturegallery.migrations.cli", "efpicturegallery.migrations.cli\efpicturegallery.migrations.cli.csproj", "{B5F0518C-2F46-470F-B1C8-17E0785759CD}"
EndProject
Project("{F2A71F9B-5D33-465A-A702-920D77279786}") = "efpicturegallery.domain", "efpicturegallery.domain\efpicturegallery.domain.fsproj", "{C18E1608-2C00-477C-B706-7E88536B94D7}"
EndProject
Global
	GlobalSection(SolutionConfigurationPlatforms) = preSolution
		Debug|Any CPU = Debug|Any CPU
		Debug|x64 = Debug|x64
		Debug|x86 = Debug|x86
		Release|Any CPU = Release|Any CPU
		Release|x64 = Release|x64
		Release|x86 = Release|x86
	EndGlobalSection
	GlobalSection(ProjectConfigurationPlatforms) = postSolution
		{EA9BC549-750D-46B4-86DB-7C3494389E36}.Debug|Any CPU.ActiveCfg = Debug|Any CPU
		{EA9BC549-750D-46B4-86DB-7C3494389E36}.Debug|Any CPU.Build.0 = Debug|Any CPU
		{EA9BC549-750D-46B4-86DB-7C3494389E36}.Debug|x64.ActiveCfg = Debug|Any CPU
		{EA9BC549-750D-46B4-86DB-7C3494389E36}.Debug|x64.Build.0 = Debug|Any CPU
		{EA9BC549-750D-46B4-86DB-7C3494389E36}.Debug|x86.ActiveCfg = Debug|Any CPU
		{EA9BC549-750D-46B4-86DB-7C3494389E36}.Debug|x86.Build.0 = Debug|Any CPU
		{EA9BC549-750D-46B4-86DB-7C3494389E36}.Release|Any CPU.ActiveCfg = Release|Any CPU
		{EA9BC549-750D-46B4-86DB-7C3494389E36}.Release|Any CPU.Build.0 = Release|Any CPU
		{EA9BC549-750D-46B4-86DB-7C3494389E36}.Release|x64.ActiveCfg = Release|Any CPU
		{EA9BC549-750D-46B4-86DB-7C3494389E36}.Release|x64.Build.0 = Release|Any CPU
		{EA9BC549-750D-46B4-86DB-7C3494389E36}.Release|x86.ActiveCfg = Release|Any CPU
		{EA9BC549-750D-46B4-86DB-7C3494389E36}.Release|x86.Build.0 = Release|Any CPU
		{66AEF930-12C8-4353-8376-16E6CD4D3B42}.Debug|Any CPU.ActiveCfg = Debug|Any CPU
		{66AEF930-12C8-4353-8376-16E6CD4D3B42}.Debug|Any CPU.Build.0 = Debug|Any CPU
		{66AEF930-12C8-4353-8376-16E6CD4D3B42}.Debug|x64.ActiveCfg = Debug|Any CPU
		{66AEF930-12C8-4353-8376-16E6CD4D3B42}.Debug|x64.Build.0 = Debug|Any CPU
		{66AEF930-12C8-4353-8376-16E6CD4D3B42}.Debug|x86.ActiveCfg = Debug|Any CPU
		{66AEF930-12C8-4353-8376-16E6CD4D3B42}.Debug|x86.Build.0 = Debug|Any CPU
		{66AEF930-12C8-4353-8376-16E6CD4D3B42}.Release|Any CPU.ActiveCfg = Release|Any CPU
		{66AEF930-12C8-4353-8376-16E6CD4D3B42}.Release|Any CPU.Build.0 = Release|Any CPU
		{66AEF930-12C8-4353-8376-16E6CD4D3B42}.Release|x64.ActiveCfg = Release|Any CPU
		{66AEF930-12C8-4353-8376-16E6CD4D3B42}.Release|x64.Build.0 = Release|Any CPU
		{66AEF930-12C8-4353-8376-16E6CD4D3B42}.Release|x86.ActiveCfg = Release|Any CPU
		{66AEF930-12C8-4353-8376-16E6CD4D3B42}.Release|x86.Build.0 = Release|Any CPU
		{B5F0518C-2F46-470F-B1C8-17E0785759CD}.Debug|Any CPU.ActiveCfg = Debug|Any CPU
		{B5F0518C-2F46-470F-B1C8-17E0785759CD}.Debug|Any CPU.Build.0 = Debug|Any CPU
		{B5F0518C-2F46-470F-B1C8-17E0785759CD}.Debug|x64.ActiveCfg = Debug|Any CPU
		{B5F0518C-2F46-470F-B1C8-17E0785759CD}.Debug|x64.Build.0 = Debug|Any CPU
		{B5F0518C-2F46-470F-B1C8-17E0785759CD}.Debug|x86.ActiveCfg = Debug|Any CPU
		{B5F0518C-2F46-470F-B1C8-17E0785759CD}.Debug|x86.Build.0 = Debug|Any CPU
		{B5F0518C-2F46-470F-B1C8-17E0785759CD}.Release|Any CPU.ActiveCfg = Release|Any CPU
		{B5F0518C-2F46-470F-B1C8-17E0785759CD}.Release|Any CPU.Build.0 = Release|Any CPU
		{B5F0518C-2F46-470F-B1C8-17E0785759CD}.Release|x64.ActiveCfg = Release|Any CPU
		{B5F0518C-2F46-470F-B1C8-17E0785759CD}.Release|x64.Build.0 = Release|Any CPU
		{B5F0518C-2F46-470F-B1C8-17E0785759CD}.Release|x86.ActiveCfg = Release|Any CPU
		{B5F0518C-2F46-470F-B1C8-17E0785759CD}.Release|x86.Build.0 = Release|Any CPU
		{C18E1608-2C00-477C-B706-7E88536B94D7}.Debug|Any CPU.ActiveCfg = Debug|Any CPU
		{C18E1608-2C00-477C-B706-7E88536B94D7}.Debug|Any CPU.Build.0 = Debug|Any CPU
		{C18E1608-2C00-477C-B706-7E88536B94D7}.Debug|x64.ActiveCfg = Debug|Any CPU
		{C18E1608-2C00-477C-B706-7E88536B94D7}.Debug|x64.Build.0 = Debug|Any CPU
		{C18E1608-2C00-477C-B706-7E88536B94D7}.Debug|x86.ActiveCfg = Debug|Any CPU
		{C18E1608-2C00-477C-B706-7E88536B94D7}.Debug|x86.Build.0 = Debug|Any CPU
		{C18E1608-2C00-477C-B706-7E88536B94D7}.Release|Any CPU.ActiveCfg = Release|Any CPU
		{C18E1608-2C00-477C-B706-7E88536B94D7}.Release|Any CPU.Build.0 = Release|Any CPU
		{C18E1608-2C00-477C-B706-7E88536B94D7}.Release|x64.ActiveCfg = Release|Any CPU
		{C18E1608-2C00-477C-B706-7E88536B94D7}.Release|x64.Build.0 = Release|Any CPU
		{C18E1608-2C00-477C-B706-7E88536B94D7}.Release|x86.ActiveCfg = Release|Any CPU
		{C18E1608-2C00-477C-B706-7E88536B94D7}.Release|x86.Build.0 = Release|Any CPU
	EndGlobalSection
	GlobalSection(SolutionProperties) = preSolution
		HideSolutionNode = FALSE
	EndGlobalSection
	GlobalSection(NestedProjects) = preSolution
		{EA9BC549-750D-46B4-86DB-7C3494389E36} = {6FDE2D5E-D0AE-4482-B589-5CB02684F551}
		{66AEF930-12C8-4353-8376-16E6CD4D3B42} = {6FDE2D5E-D0AE-4482-B589-5CB02684F551}
		{B5F0518C-2F46-470F-B1C8-17E0785759CD} = {6FDE2D5E-D0AE-4482-B589-5CB02684F551}
		{C18E1608-2C00-477C-B706-7E88536B94D7} = {6FDE2D5E-D0AE-4482-B589-5CB02684F551}
	EndGlobalSection
	GlobalSection(ExtensibilityGlobals) = postSolution
		SolutionGuid = {C78C08A9-DFFB-4BF6-AB82-9A6ADD6C9177}
	EndGlobalSection
EndGlobal
